// !$*UTF8*$!
{
	archiveVersion = 1;
	classes = {
	};
	objectVersion = 55;
	objects = {

/* Begin PBXBuildFile section */
		460CB97E281FA8A90059FD49 /* MatchView.xib in Resources */ = {isa = PBXBuildFile; fileRef = 460CB97C281FA8A90059FD49 /* MatchView.xib */; };
		460CB981281FB2320059FD49 /* PeopleViewController.swift in Sources */ = {isa = PBXBuildFile; fileRef = 460CB980281FB2320059FD49 /* PeopleViewController.swift */; };
		460CB985281FB3190059FD49 /* UserCell.swift in Sources */ = {isa = PBXBuildFile; fileRef = 460CB983281FB3190059FD49 /* UserCell.swift */; };
		460CB986281FB3190059FD49 /* UserCell.xib in Resources */ = {isa = PBXBuildFile; fileRef = 460CB984281FB3190059FD49 /* UserCell.xib */; };
		461CB64D281EF84600065020 /* AboutUserViewController.swift in Sources */ = {isa = PBXBuildFile; fileRef = 461CB64C281EF84600065020 /* AboutUserViewController.swift */; };
		461CB64F281F061300065020 /* CompositionalLayout.swift in Sources */ = {isa = PBXBuildFile; fileRef = 461CB64E281F061300065020 /* CompositionalLayout.swift */; };
		461CB651281F086100065020 /* TestVC.swift in Sources */ = {isa = PBXBuildFile; fileRef = 461CB650281F086100065020 /* TestVC.swift */; };
		46A47A5E281909CD001C0F09 /* SceneDelegate.swift in Sources */ = {isa = PBXBuildFile; fileRef = 46A47A5D281909CD001C0F09 /* SceneDelegate.swift */; };
		46A47A60281909CD001C0F09 /* ViewController.swift in Sources */ = {isa = PBXBuildFile; fileRef = 46A47A5F281909CD001C0F09 /* ViewController.swift */; };
		46A47A65281909CE001C0F09 /* Assets.xcassets in Resources */ = {isa = PBXBuildFile; fileRef = 46A47A64281909CE001C0F09 /* Assets.xcassets */; };
		46A47A68281909CE001C0F09 /* LaunchScreen.storyboard in Resources */ = {isa = PBXBuildFile; fileRef = 46A47A66281909CE001C0F09 /* LaunchScreen.storyboard */; };
		46A47A73281909CF001C0F09 /* iTindrTests.swift in Sources */ = {isa = PBXBuildFile; fileRef = 46A47A72281909CF001C0F09 /* iTindrTests.swift */; };
		46A47A7D281909CF001C0F09 /* iTindrUITests.swift in Sources */ = {isa = PBXBuildFile; fileRef = 46A47A7C281909CF001C0F09 /* iTindrUITests.swift */; };
		46A47A7F281909CF001C0F09 /* iTindrUITestsLaunchTests.swift in Sources */ = {isa = PBXBuildFile; fileRef = 46A47A7E281909CF001C0F09 /* iTindrUITestsLaunchTests.swift */; };
		46A47A912819135C001C0F09 /* GradientView.swift in Sources */ = {isa = PBXBuildFile; fileRef = 46A47A902819135C001C0F09 /* GradientView.swift */; };
		46DB9540281AE8C700901CAA /* DecodeTypes.swift in Sources */ = {isa = PBXBuildFile; fileRef = 46DB953F281AE8C700901CAA /* DecodeTypes.swift */; };
		46DB9542281AE8F600901CAA /* API.swift in Sources */ = {isa = PBXBuildFile; fileRef = 46DB9541281AE8F600901CAA /* API.swift */; };
		46DB9544281AF1E500901CAA /* AuthUtils.swift in Sources */ = {isa = PBXBuildFile; fileRef = 46DB9543281AF1E500901CAA /* AuthUtils.swift */; };
		46E1F6E6281963D70062EDBB /* AppDelegate.swift in Sources */ = {isa = PBXBuildFile; fileRef = 46A47A5B281909CD001C0F09 /* AppDelegate.swift */; };
		6EECE1B01B6FE8C9C72B47CA /* TopicList.swift in Sources */ = {isa = PBXBuildFile; fileRef = 6EECED9563F99DC5B4DC800A /* TopicList.swift */; };
		6EECE3D52A3E9288A33C811C /* EditProfileViewController.swift in Sources */ = {isa = PBXBuildFile; fileRef = 6EECE5F38138DAC6C7665BCE /* EditProfileViewController.swift */; };
		6EECE4E54B5BECFDC56B785B /* UserProfileViewController.swift in Sources */ = {isa = PBXBuildFile; fileRef = 6EECE4FCDCB8EC0CF68B1C25 /* UserProfileViewController.swift */; };
		6EECE67906F8777C5B533846 /* UserActions.swift in Sources */ = {isa = PBXBuildFile; fileRef = 6EECE910C9285CE156BF1EE5 /* UserActions.swift */; };
		6EECE6C17ADC96241696A066 /* FlowViewController.swift in Sources */ = {isa = PBXBuildFile; fileRef = 6EECE150E4205E0088AC23B8 /* FlowViewController.swift */; };
		6EECE8A26D5EDF53B4C4A17B /* RegisterViewController.swift in Sources */ = {isa = PBXBuildFile; fileRef = 6EECE1C519FD5C72C54F95AC /* RegisterViewController.swift */; };
		6EECEAD770444C627B9713E6 /* JSON.swift in Sources */ = {isa = PBXBuildFile; fileRef = 6EECE9044F13D978D2E7AC9E /* JSON.swift */; };
		6EECEAF87796E15B34F452C1 /* ProfileViewController.swift in Sources */ = {isa = PBXBuildFile; fileRef = 6EECE582396A415F0B720723 /* ProfileViewController.swift */; };
		6EECED417B10D4AE1EAD03F0 /* Store.swift in Sources */ = {isa = PBXBuildFile; fileRef = 6EECE81E63FB91393B43C2DF /* Store.swift */; };
		6EECED4C5634C44954AA5199 /* FlowList.swift in Sources */ = {isa = PBXBuildFile; fileRef = 6EECEE43F09F79A84415446E /* FlowList.swift */; };
		6EECED66E9DFB063F8195393 /* UserProfile.swift in Sources */ = {isa = PBXBuildFile; fileRef = 6EECE97FF900E6F976012636 /* UserProfile.swift */; };
		6EECEEFA76F887830D0BFD5E /* LoginViewController.swift in Sources */ = {isa = PBXBuildFile; fileRef = 6EECE8E9E86136AE7EA631A8 /* LoginViewController.swift */; };
		6EECEF7BCC9F1680005C2B52 /* LoginStoryboard.storyboard in Resources */ = {isa = PBXBuildFile; fileRef = 6EECE01C1D430450619E567D /* LoginStoryboard.storyboard */; };
		6EECEFCD6CCE7F99936F1D74 /* Overlay.swift in Sources */ = {isa = PBXBuildFile; fileRef = 6EECE2096769C85005DE2A03 /* Overlay.swift */; };
		D459B96868913EAEF26E56B9 /* Pods_iTindrTests.framework in Frameworks */ = {isa = PBXBuildFile; fileRef = F38F2C34C37ED90AC91DB397 /* Pods_iTindrTests.framework */; };
		DF388246C8961227F207FD43 /* Pods_iTindr.framework in Frameworks */ = {isa = PBXBuildFile; fileRef = F3ADA1518B491E221C8F1EC6 /* Pods_iTindr.framework */; };
		F823B446AD1D0D9BD91C2A52 /* Pods_iTindr_iTindrUITests.framework in Frameworks */ = {isa = PBXBuildFile; fileRef = 2CC8E1DA33BBE70234BDB28A /* Pods_iTindr_iTindrUITests.framework */; };
/* End PBXBuildFile section */

/* Begin PBXContainerItemProxy section */
		46A47A6F281909CF001C0F09 /* PBXContainerItemProxy */ = {
			isa = PBXContainerItemProxy;
			containerPortal = 46A47A50281909CD001C0F09 /* Project object */;
			proxyType = 1;
			remoteGlobalIDString = 46A47A57281909CD001C0F09;
			remoteInfo = iTindr;
		};
		46A47A79281909CF001C0F09 /* PBXContainerItemProxy */ = {
			isa = PBXContainerItemProxy;
			containerPortal = 46A47A50281909CD001C0F09 /* Project object */;
			proxyType = 1;
			remoteGlobalIDString = 46A47A57281909CD001C0F09;
			remoteInfo = iTindr;
		};
/* End PBXContainerItemProxy section */

/* Begin PBXFileReference section */
		08E1CD91C2340C05FE46A27D /* Pods-iTindrTests.release.xcconfig */ = {isa = PBXFileReference; includeInIndex = 1; lastKnownFileType = text.xcconfig; name = "Pods-iTindrTests.release.xcconfig"; path = "Target Support Files/Pods-iTindrTests/Pods-iTindrTests.release.xcconfig"; sourceTree = "<group>"; };
		09FA11689644AE7C5A0F0741 /* Pods-iTindr.release.xcconfig */ = {isa = PBXFileReference; includeInIndex = 1; lastKnownFileType = text.xcconfig; name = "Pods-iTindr.release.xcconfig"; path = "Target Support Files/Pods-iTindr/Pods-iTindr.release.xcconfig"; sourceTree = "<group>"; };
		1B7E2F2465B32C188876903D /* Pods-iTindr-iTindrUITests.release.xcconfig */ = {isa = PBXFileReference; includeInIndex = 1; lastKnownFileType = text.xcconfig; name = "Pods-iTindr-iTindrUITests.release.xcconfig"; path = "Target Support Files/Pods-iTindr-iTindrUITests/Pods-iTindr-iTindrUITests.release.xcconfig"; sourceTree = "<group>"; };
		2CC8E1DA33BBE70234BDB28A /* Pods_iTindr_iTindrUITests.framework */ = {isa = PBXFileReference; explicitFileType = wrapper.framework; includeInIndex = 0; path = Pods_iTindr_iTindrUITests.framework; sourceTree = BUILT_PRODUCTS_DIR; };
		460CB97C281FA8A90059FD49 /* MatchView.xib */ = {isa = PBXFileReference; lastKnownFileType = file.xib; path = MatchView.xib; sourceTree = "<group>"; };
		460CB980281FB2320059FD49 /* PeopleViewController.swift */ = {isa = PBXFileReference; lastKnownFileType = sourcecode.swift; path = PeopleViewController.swift; sourceTree = "<group>"; };
		460CB983281FB3190059FD49 /* UserCell.swift */ = {isa = PBXFileReference; lastKnownFileType = sourcecode.swift; path = UserCell.swift; sourceTree = "<group>"; };
		460CB984281FB3190059FD49 /* UserCell.xib */ = {isa = PBXFileReference; lastKnownFileType = file.xib; path = UserCell.xib; sourceTree = "<group>"; };
		461CB64C281EF84600065020 /* AboutUserViewController.swift */ = {isa = PBXFileReference; lastKnownFileType = sourcecode.swift; path = AboutUserViewController.swift; sourceTree = "<group>"; };
		461CB64E281F061300065020 /* CompositionalLayout.swift */ = {isa = PBXFileReference; lastKnownFileType = sourcecode.swift; path = CompositionalLayout.swift; sourceTree = "<group>"; };
		461CB650281F086100065020 /* TestVC.swift */ = {isa = PBXFileReference; lastKnownFileType = sourcecode.swift; path = TestVC.swift; sourceTree = "<group>"; };
		46A47A58281909CD001C0F09 /* iTindr.app */ = {isa = PBXFileReference; explicitFileType = wrapper.application; includeInIndex = 0; path = iTindr.app; sourceTree = BUILT_PRODUCTS_DIR; };
		46A47A5B281909CD001C0F09 /* AppDelegate.swift */ = {isa = PBXFileReference; lastKnownFileType = sourcecode.swift; path = AppDelegate.swift; sourceTree = "<group>"; };
		46A47A5D281909CD001C0F09 /* SceneDelegate.swift */ = {isa = PBXFileReference; lastKnownFileType = sourcecode.swift; path = SceneDelegate.swift; sourceTree = "<group>"; };
		46A47A5F281909CD001C0F09 /* ViewController.swift */ = {isa = PBXFileReference; lastKnownFileType = sourcecode.swift; path = ViewController.swift; sourceTree = "<group>"; };
		46A47A64281909CE001C0F09 /* Assets.xcassets */ = {isa = PBXFileReference; lastKnownFileType = folder.assetcatalog; path = Assets.xcassets; sourceTree = "<group>"; };
		46A47A67281909CE001C0F09 /* Base */ = {isa = PBXFileReference; lastKnownFileType = file.storyboard; name = Base; path = Base.lproj/LaunchScreen.storyboard; sourceTree = "<group>"; };
		46A47A69281909CE001C0F09 /* Info.plist */ = {isa = PBXFileReference; lastKnownFileType = text.plist.xml; path = Info.plist; sourceTree = "<group>"; };
		46A47A6E281909CF001C0F09 /* iTindrTests.xctest */ = {isa = PBXFileReference; explicitFileType = wrapper.cfbundle; includeInIndex = 0; path = iTindrTests.xctest; sourceTree = BUILT_PRODUCTS_DIR; };
		46A47A72281909CF001C0F09 /* iTindrTests.swift */ = {isa = PBXFileReference; lastKnownFileType = sourcecode.swift; path = iTindrTests.swift; sourceTree = "<group>"; };
		46A47A78281909CF001C0F09 /* iTindrUITests.xctest */ = {isa = PBXFileReference; explicitFileType = wrapper.cfbundle; includeInIndex = 0; path = iTindrUITests.xctest; sourceTree = BUILT_PRODUCTS_DIR; };
		46A47A7C281909CF001C0F09 /* iTindrUITests.swift */ = {isa = PBXFileReference; lastKnownFileType = sourcecode.swift; path = iTindrUITests.swift; sourceTree = "<group>"; };
		46A47A7E281909CF001C0F09 /* iTindrUITestsLaunchTests.swift */ = {isa = PBXFileReference; lastKnownFileType = sourcecode.swift; path = iTindrUITestsLaunchTests.swift; sourceTree = "<group>"; };
		46A47A902819135C001C0F09 /* GradientView.swift */ = {isa = PBXFileReference; lastKnownFileType = sourcecode.swift; path = GradientView.swift; sourceTree = "<group>"; };
		46DB953F281AE8C700901CAA /* DecodeTypes.swift */ = {isa = PBXFileReference; lastKnownFileType = sourcecode.swift; path = DecodeTypes.swift; sourceTree = "<group>"; };
		46DB9541281AE8F600901CAA /* API.swift */ = {isa = PBXFileReference; lastKnownFileType = sourcecode.swift; path = API.swift; sourceTree = "<group>"; };
		46DB9543281AF1E500901CAA /* AuthUtils.swift */ = {isa = PBXFileReference; lastKnownFileType = sourcecode.swift; path = AuthUtils.swift; sourceTree = "<group>"; };
		479AA30DC11BA604408925F4 /* Pods-iTindr-iTindrUITests.debug.xcconfig */ = {isa = PBXFileReference; includeInIndex = 1; lastKnownFileType = text.xcconfig; name = "Pods-iTindr-iTindrUITests.debug.xcconfig"; path = "Target Support Files/Pods-iTindr-iTindrUITests/Pods-iTindr-iTindrUITests.debug.xcconfig"; sourceTree = "<group>"; };
		6EECE01C1D430450619E567D /* LoginStoryboard.storyboard */ = {isa = PBXFileReference; lastKnownFileType = file.storyboard; path = LoginStoryboard.storyboard; sourceTree = "<group>"; };
		6EECE150E4205E0088AC23B8 /* FlowViewController.swift */ = {isa = PBXFileReference; fileEncoding = 4; lastKnownFileType = sourcecode.swift; path = FlowViewController.swift; sourceTree = "<group>"; };
		6EECE1C519FD5C72C54F95AC /* RegisterViewController.swift */ = {isa = PBXFileReference; fileEncoding = 4; lastKnownFileType = sourcecode.swift; path = RegisterViewController.swift; sourceTree = "<group>"; };
		6EECE2096769C85005DE2A03 /* Overlay.swift */ = {isa = PBXFileReference; fileEncoding = 4; lastKnownFileType = sourcecode.swift; path = Overlay.swift; sourceTree = "<group>"; };
		6EECE4FCDCB8EC0CF68B1C25 /* UserProfileViewController.swift */ = {isa = PBXFileReference; fileEncoding = 4; lastKnownFileType = sourcecode.swift; path = UserProfileViewController.swift; sourceTree = "<group>"; };
		6EECE582396A415F0B720723 /* ProfileViewController.swift */ = {isa = PBXFileReference; fileEncoding = 4; lastKnownFileType = sourcecode.swift; path = ProfileViewController.swift; sourceTree = "<group>"; };
		6EECE5F38138DAC6C7665BCE /* EditProfileViewController.swift */ = {isa = PBXFileReference; fileEncoding = 4; lastKnownFileType = sourcecode.swift; path = EditProfileViewController.swift; sourceTree = "<group>"; };
		6EECE81E63FB91393B43C2DF /* Store.swift */ = {isa = PBXFileReference; fileEncoding = 4; lastKnownFileType = sourcecode.swift; path = Store.swift; sourceTree = "<group>"; };
		6EECE8E9E86136AE7EA631A8 /* LoginViewController.swift */ = {isa = PBXFileReference; fileEncoding = 4; lastKnownFileType = sourcecode.swift; path = LoginViewController.swift; sourceTree = "<group>"; };
		6EECE9044F13D978D2E7AC9E /* JSON.swift */ = {isa = PBXFileReference; fileEncoding = 4; lastKnownFileType = sourcecode.swift; path = JSON.swift; sourceTree = "<group>"; };
		6EECE910C9285CE156BF1EE5 /* UserActions.swift */ = {isa = PBXFileReference; fileEncoding = 4; lastKnownFileType = sourcecode.swift; path = UserActions.swift; sourceTree = "<group>"; };
		6EECE97FF900E6F976012636 /* UserProfile.swift */ = {isa = PBXFileReference; fileEncoding = 4; lastKnownFileType = sourcecode.swift; path = UserProfile.swift; sourceTree = "<group>"; };
		6EECED9563F99DC5B4DC800A /* TopicList.swift */ = {isa = PBXFileReference; fileEncoding = 4; lastKnownFileType = sourcecode.swift; path = TopicList.swift; sourceTree = "<group>"; };
		6EECEE43F09F79A84415446E /* FlowList.swift */ = {isa = PBXFileReference; fileEncoding = 4; lastKnownFileType = sourcecode.swift; path = FlowList.swift; sourceTree = "<group>"; };
		83800CA4A9C4B68B1F1D7541 /* Pods-iTindr.debug.xcconfig */ = {isa = PBXFileReference; includeInIndex = 1; lastKnownFileType = text.xcconfig; name = "Pods-iTindr.debug.xcconfig"; path = "Target Support Files/Pods-iTindr/Pods-iTindr.debug.xcconfig"; sourceTree = "<group>"; };
		92A68A7969344E49FC5EECF7 /* Pods-iTindrTests.debug.xcconfig */ = {isa = PBXFileReference; includeInIndex = 1; lastKnownFileType = text.xcconfig; name = "Pods-iTindrTests.debug.xcconfig"; path = "Target Support Files/Pods-iTindrTests/Pods-iTindrTests.debug.xcconfig"; sourceTree = "<group>"; };
		F38F2C34C37ED90AC91DB397 /* Pods_iTindrTests.framework */ = {isa = PBXFileReference; explicitFileType = wrapper.framework; includeInIndex = 0; path = Pods_iTindrTests.framework; sourceTree = BUILT_PRODUCTS_DIR; };
		F3ADA1518B491E221C8F1EC6 /* Pods_iTindr.framework */ = {isa = PBXFileReference; explicitFileType = wrapper.framework; includeInIndex = 0; path = Pods_iTindr.framework; sourceTree = BUILT_PRODUCTS_DIR; };
/* End PBXFileReference section */

/* Begin PBXFrameworksBuildPhase section */
		46A47A55281909CD001C0F09 /* Frameworks */ = {
			isa = PBXFrameworksBuildPhase;
			buildActionMask = 2147483647;
			files = (
				DF388246C8961227F207FD43 /* Pods_iTindr.framework in Frameworks */,
			);
			runOnlyForDeploymentPostprocessing = 0;
		};
		46A47A6B281909CF001C0F09 /* Frameworks */ = {
			isa = PBXFrameworksBuildPhase;
			buildActionMask = 2147483647;
			files = (
				D459B96868913EAEF26E56B9 /* Pods_iTindrTests.framework in Frameworks */,
			);
			runOnlyForDeploymentPostprocessing = 0;
		};
		46A47A75281909CF001C0F09 /* Frameworks */ = {
			isa = PBXFrameworksBuildPhase;
			buildActionMask = 2147483647;
			files = (
				F823B446AD1D0D9BD91C2A52 /* Pods_iTindr_iTindrUITests.framework in Frameworks */,
			);
			runOnlyForDeploymentPostprocessing = 0;
		};
/* End PBXFrameworksBuildPhase section */

/* Begin PBXGroup section */
		460CB97F281FB1D60059FD49 /* PeopleScreen */ = {
			isa = PBXGroup;
			children = (
				460CB982281FB2DB0059FD49 /* CollectionCells */,
				460CB980281FB2320059FD49 /* PeopleViewController.swift */,
			);
			path = PeopleScreen;
			sourceTree = "<group>";
		};
		460CB982281FB2DB0059FD49 /* CollectionCells */ = {
			isa = PBXGroup;
			children = (
				460CB983281FB3190059FD49 /* UserCell.swift */,
				460CB984281FB3190059FD49 /* UserCell.xib */,
			);
			path = CollectionCells;
			sourceTree = "<group>";
		};
		461CB64B281EF82A00065020 /* AboutUser */ = {
			isa = PBXGroup;
			children = (
				461CB64C281EF84600065020 /* AboutUserViewController.swift */,
			);
			path = AboutUser;
			sourceTree = "<group>";
		};
		46A47A4F281909CD001C0F09 = {
			isa = PBXGroup;
			children = (
				46A47A5A281909CD001C0F09 /* iTindr */,
				46A47A71281909CF001C0F09 /* iTindrTests */,
				46A47A7B281909CF001C0F09 /* iTindrUITests */,
				46A47A59281909CD001C0F09 /* Products */,
				6A9FA50C9D734BFF4D2B63B9 /* Pods */,
				5643E7850AD5FC68C6C7BA46 /* Frameworks */,
			);
			sourceTree = "<group>";
		};
		46A47A59281909CD001C0F09 /* Products */ = {
			isa = PBXGroup;
			children = (
				46A47A58281909CD001C0F09 /* iTindr.app */,
				46A47A6E281909CF001C0F09 /* iTindrTests.xctest */,
				46A47A78281909CF001C0F09 /* iTindrUITests.xctest */,
			);
			name = Products;
			sourceTree = "<group>";
		};
		46A47A5A281909CD001C0F09 /* iTindr */ = {
			isa = PBXGroup;
			children = (
				46E1F6E728197A430062EDBB /* DAL */,
				46A47A8B281910CC001C0F09 /* Utils */,
				46A47A5B281909CD001C0F09 /* AppDelegate.swift */,
				46A47A5D281909CD001C0F09 /* SceneDelegate.swift */,
				46A47A5F281909CD001C0F09 /* ViewController.swift */,
				46A47A64281909CE001C0F09 /* Assets.xcassets */,
				46A47A66281909CE001C0F09 /* LaunchScreen.storyboard */,
				46A47A69281909CE001C0F09 /* Info.plist */,
				6EECE6EBA7B342D8046DC552 /* Store */,
				6EECEC1EEC0310D70EB57DA7 /* Controllers */,
				6EECE01C1D430450619E567D /* LoginStoryboard.storyboard */,
				461CB650281F086100065020 /* TestVC.swift */,
			);
			path = iTindr;
			sourceTree = "<group>";
		};
		46A47A71281909CF001C0F09 /* iTindrTests */ = {
			isa = PBXGroup;
			children = (
				46A47A72281909CF001C0F09 /* iTindrTests.swift */,
			);
			path = iTindrTests;
			sourceTree = "<group>";
		};
		46A47A7B281909CF001C0F09 /* iTindrUITests */ = {
			isa = PBXGroup;
			children = (
				46A47A7C281909CF001C0F09 /* iTindrUITests.swift */,
				46A47A7E281909CF001C0F09 /* iTindrUITestsLaunchTests.swift */,
			);
			path = iTindrUITests;
			sourceTree = "<group>";
		};
		46A47A8B281910CC001C0F09 /* Utils */ = {
			isa = PBXGroup;
			children = (
				46A47A902819135C001C0F09 /* GradientView.swift */,
				46DB9543281AF1E500901CAA /* AuthUtils.swift */,
				6EECE9044F13D978D2E7AC9E /* JSON.swift */,
				6EECE2096769C85005DE2A03 /* Overlay.swift */,
				461CB64E281F061300065020 /* CompositionalLayout.swift */,
			);
			path = Utils;
			sourceTree = "<group>";
		};
		46E1F6E728197A430062EDBB /* DAL */ = {
			isa = PBXGroup;
			children = (
				46DB953F281AE8C700901CAA /* DecodeTypes.swift */,
				46DB9541281AE8F600901CAA /* API.swift */,
				6EECE910C9285CE156BF1EE5 /* UserActions.swift */,
			);
			path = DAL;
			sourceTree = "<group>";
		};
		5643E7850AD5FC68C6C7BA46 /* Frameworks */ = {
			isa = PBXGroup;
			children = (
				F3ADA1518B491E221C8F1EC6 /* Pods_iTindr.framework */,
				2CC8E1DA33BBE70234BDB28A /* Pods_iTindr_iTindrUITests.framework */,
				F38F2C34C37ED90AC91DB397 /* Pods_iTindrTests.framework */,
			);
			name = Frameworks;
			sourceTree = "<group>";
		};
		6A9FA50C9D734BFF4D2B63B9 /* Pods */ = {
			isa = PBXGroup;
			children = (
				83800CA4A9C4B68B1F1D7541 /* Pods-iTindr.debug.xcconfig */,
				09FA11689644AE7C5A0F0741 /* Pods-iTindr.release.xcconfig */,
				479AA30DC11BA604408925F4 /* Pods-iTindr-iTindrUITests.debug.xcconfig */,
				1B7E2F2465B32C188876903D /* Pods-iTindr-iTindrUITests.release.xcconfig */,
				92A68A7969344E49FC5EECF7 /* Pods-iTindrTests.debug.xcconfig */,
				08E1CD91C2340C05FE46A27D /* Pods-iTindrTests.release.xcconfig */,
			);
			path = Pods;
			sourceTree = "<group>";
		};
		6EECE0672BC5AED287479361 /* RegisterScreen */ = {
			isa = PBXGroup;
			children = (
				6EECE1C519FD5C72C54F95AC /* RegisterViewController.swift */,
			);
			path = RegisterScreen;
			sourceTree = "<group>";
		};
		6EECE36E2546F7037CCE4498 /* EditProfileScreen */ = {
			isa = PBXGroup;
			children = (
				6EECE5F38138DAC6C7665BCE /* EditProfileViewController.swift */,
			);
			path = EditProfileScreen;
			sourceTree = "<group>";
		};
		6EECE626969D98FBE2B4B747 /* UserProfileScreen */ = {
			isa = PBXGroup;
			children = (
				6EECE4FCDCB8EC0CF68B1C25 /* UserProfileViewController.swift */,
			);
			path = UserProfileScreen;
			sourceTree = "<group>";
		};
		6EECE6EBA7B342D8046DC552 /* Store */ = {
			isa = PBXGroup;
			children = (
				6EECE97FF900E6F976012636 /* UserProfile.swift */,
				6EECED9563F99DC5B4DC800A /* TopicList.swift */,
				6EECEE43F09F79A84415446E /* FlowList.swift */,
				6EECE81E63FB91393B43C2DF /* Store.swift */,
			);
			path = Store;
			sourceTree = "<group>";
		};
		6EECE85A617B0D96A662F3FA /* LoginScreen */ = {
			isa = PBXGroup;
			children = (
				6EECE8E9E86136AE7EA631A8 /* LoginViewController.swift */,
			);
			path = LoginScreen;
			sourceTree = "<group>";
		};
		6EECEAEB4079F9373F935C97 /* ProflieScreen */ = {
			isa = PBXGroup;
			children = (
				6EECE582396A415F0B720723 /* ProfileViewController.swift */,
			);
			path = ProflieScreen;
			sourceTree = "<group>";
		};
		6EECEB6C95763D0B96451AB8 /* FlowScreen */ = {
			isa = PBXGroup;
			children = (
				460CB97C281FA8A90059FD49 /* MatchView.xib */,
				6EECE150E4205E0088AC23B8 /* FlowViewController.swift */,
			);
			path = FlowScreen;
			sourceTree = "<group>";
		};
		6EECEC1EEC0310D70EB57DA7 /* Controllers */ = {
			isa = PBXGroup;
			children = (
				460CB97F281FB1D60059FD49 /* PeopleScreen */,
				461CB64B281EF82A00065020 /* AboutUser */,
				6EECE85A617B0D96A662F3FA /* LoginScreen */,
				6EECE0672BC5AED287479361 /* RegisterScreen */,
				6EECE36E2546F7037CCE4498 /* EditProfileScreen */,
				6EECEB6C95763D0B96451AB8 /* FlowScreen */,
				6EECEAEB4079F9373F935C97 /* ProflieScreen */,
				6EECE626969D98FBE2B4B747 /* UserProfileScreen */,
			);
			path = Controllers;
			sourceTree = "<group>";
		};
/* End PBXGroup section */

/* Begin PBXNativeTarget section */
		46A47A57281909CD001C0F09 /* iTindr */ = {
			isa = PBXNativeTarget;
			buildConfigurationList = 46A47A82281909CF001C0F09 /* Build configuration list for PBXNativeTarget "iTindr" */;
			buildPhases = (
				3951F11406C3311ED9123472 /* [CP] Check Pods Manifest.lock */,
				46A47A54281909CD001C0F09 /* Sources */,
				46A47A55281909CD001C0F09 /* Frameworks */,
				46A47A56281909CD001C0F09 /* Resources */,
				D3E4813D9CD7745BE55FEB8C /* [CP] Embed Pods Frameworks */,
			);
			buildRules = (
			);
			dependencies = (
			);
			name = iTindr;
			productName = iTindr;
			productReference = 46A47A58281909CD001C0F09 /* iTindr.app */;
			productType = "com.apple.product-type.application";
		};
		46A47A6D281909CF001C0F09 /* iTindrTests */ = {
			isa = PBXNativeTarget;
			buildConfigurationList = 46A47A85281909CF001C0F09 /* Build configuration list for PBXNativeTarget "iTindrTests" */;
			buildPhases = (
				E86F7071F65933C92A2B1ADD /* [CP] Check Pods Manifest.lock */,
				46A47A6A281909CF001C0F09 /* Sources */,
				46A47A6B281909CF001C0F09 /* Frameworks */,
				46A47A6C281909CF001C0F09 /* Resources */,
			);
			buildRules = (
			);
			dependencies = (
				46A47A70281909CF001C0F09 /* PBXTargetDependency */,
			);
			name = iTindrTests;
			productName = iTindrTests;
			productReference = 46A47A6E281909CF001C0F09 /* iTindrTests.xctest */;
			productType = "com.apple.product-type.bundle.unit-test";
		};
		46A47A77281909CF001C0F09 /* iTindrUITests */ = {
			isa = PBXNativeTarget;
			buildConfigurationList = 46A47A88281909CF001C0F09 /* Build configuration list for PBXNativeTarget "iTindrUITests" */;
			buildPhases = (
				7569CCEBFB6583E7B0D569C3 /* [CP] Check Pods Manifest.lock */,
				46A47A74281909CF001C0F09 /* Sources */,
				46A47A75281909CF001C0F09 /* Frameworks */,
				46A47A76281909CF001C0F09 /* Resources */,
				91D7E85DB097D6EEC6006735 /* [CP] Embed Pods Frameworks */,
			);
			buildRules = (
			);
			dependencies = (
				46A47A7A281909CF001C0F09 /* PBXTargetDependency */,
			);
			name = iTindrUITests;
			productName = iTindrUITests;
			productReference = 46A47A78281909CF001C0F09 /* iTindrUITests.xctest */;
			productType = "com.apple.product-type.bundle.ui-testing";
		};
/* End PBXNativeTarget section */

/* Begin PBXProject section */
		46A47A50281909CD001C0F09 /* Project object */ = {
			isa = PBXProject;
			attributes = {
				BuildIndependentTargetsInParallel = 1;
				LastSwiftUpdateCheck = 1320;
				LastUpgradeCheck = 1320;
				TargetAttributes = {
					46A47A57281909CD001C0F09 = {
						CreatedOnToolsVersion = 13.2.1;
					};
					46A47A6D281909CF001C0F09 = {
						CreatedOnToolsVersion = 13.2.1;
						TestTargetID = 46A47A57281909CD001C0F09;
					};
					46A47A77281909CF001C0F09 = {
						CreatedOnToolsVersion = 13.2.1;
						TestTargetID = 46A47A57281909CD001C0F09;
					};
				};
			};
			buildConfigurationList = 46A47A53281909CD001C0F09 /* Build configuration list for PBXProject "iTindr" */;
			compatibilityVersion = "Xcode 13.0";
			developmentRegion = en;
			hasScannedForEncodings = 0;
			knownRegions = (
				en,
				Base,
			);
			mainGroup = 46A47A4F281909CD001C0F09;
			productRefGroup = 46A47A59281909CD001C0F09 /* Products */;
			projectDirPath = "";
			projectRoot = "";
			targets = (
				46A47A57281909CD001C0F09 /* iTindr */,
				46A47A6D281909CF001C0F09 /* iTindrTests */,
				46A47A77281909CF001C0F09 /* iTindrUITests */,
			);
		};
/* End PBXProject section */

/* Begin PBXResourcesBuildPhase section */
		46A47A56281909CD001C0F09 /* Resources */ = {
			isa = PBXResourcesBuildPhase;
			buildActionMask = 2147483647;
			files = (
				460CB97E281FA8A90059FD49 /* MatchView.xib in Resources */,
				46A47A68281909CE001C0F09 /* LaunchScreen.storyboard in Resources */,
				46A47A65281909CE001C0F09 /* Assets.xcassets in Resources */,
				6EECEF7BCC9F1680005C2B52 /* LoginStoryboard.storyboard in Resources */,
				460CB986281FB3190059FD49 /* UserCell.xib in Resources */,
			);
			runOnlyForDeploymentPostprocessing = 0;
		};
		46A47A6C281909CF001C0F09 /* Resources */ = {
			isa = PBXResourcesBuildPhase;
			buildActionMask = 2147483647;
			files = (
			);
			runOnlyForDeploymentPostprocessing = 0;
		};
		46A47A76281909CF001C0F09 /* Resources */ = {
			isa = PBXResourcesBuildPhase;
			buildActionMask = 2147483647;
			files = (
			);
			runOnlyForDeploymentPostprocessing = 0;
		};
/* End PBXResourcesBuildPhase section */

/* Begin PBXShellScriptBuildPhase section */
		3951F11406C3311ED9123472 /* [CP] Check Pods Manifest.lock */ = {
			isa = PBXShellScriptBuildPhase;
			buildActionMask = 2147483647;
			files = (
			);
			inputFileListPaths = (
			);
			inputPaths = (
				"${PODS_PODFILE_DIR_PATH}/Podfile.lock",
				"${PODS_ROOT}/Manifest.lock",
			);
			name = "[CP] Check Pods Manifest.lock";
			outputFileListPaths = (
			);
			outputPaths = (
				"$(DERIVED_FILE_DIR)/Pods-iTindr-checkManifestLockResult.txt",
			);
			runOnlyForDeploymentPostprocessing = 0;
			shellPath = /bin/sh;
			shellScript = "diff \"${PODS_PODFILE_DIR_PATH}/Podfile.lock\" \"${PODS_ROOT}/Manifest.lock\" > /dev/null\nif [ $? != 0 ] ; then\n    # print error to STDERR\n    echo \"error: The sandbox is not in sync with the Podfile.lock. Run 'pod install' or update your CocoaPods installation.\" >&2\n    exit 1\nfi\n# This output is used by Xcode 'outputs' to avoid re-running this script phase.\necho \"SUCCESS\" > \"${SCRIPT_OUTPUT_FILE_0}\"\n";
			showEnvVarsInLog = 0;
		};
		7569CCEBFB6583E7B0D569C3 /* [CP] Check Pods Manifest.lock */ = {
			isa = PBXShellScriptBuildPhase;
			buildActionMask = 2147483647;
			files = (
			);
			inputFileListPaths = (
			);
			inputPaths = (
				"${PODS_PODFILE_DIR_PATH}/Podfile.lock",
				"${PODS_ROOT}/Manifest.lock",
			);
			name = "[CP] Check Pods Manifest.lock";
			outputFileListPaths = (
			);
			outputPaths = (
				"$(DERIVED_FILE_DIR)/Pods-iTindr-iTindrUITests-checkManifestLockResult.txt",
			);
			runOnlyForDeploymentPostprocessing = 0;
			shellPath = /bin/sh;
			shellScript = "diff \"${PODS_PODFILE_DIR_PATH}/Podfile.lock\" \"${PODS_ROOT}/Manifest.lock\" > /dev/null\nif [ $? != 0 ] ; then\n    # print error to STDERR\n    echo \"error: The sandbox is not in sync with the Podfile.lock. Run 'pod install' or update your CocoaPods installation.\" >&2\n    exit 1\nfi\n# This output is used by Xcode 'outputs' to avoid re-running this script phase.\necho \"SUCCESS\" > \"${SCRIPT_OUTPUT_FILE_0}\"\n";
			showEnvVarsInLog = 0;
		};
		91D7E85DB097D6EEC6006735 /* [CP] Embed Pods Frameworks */ = {
			isa = PBXShellScriptBuildPhase;
			buildActionMask = 2147483647;
			files = (
			);
			inputFileListPaths = (
				"${PODS_ROOT}/Target Support Files/Pods-iTindr-iTindrUITests/Pods-iTindr-iTindrUITests-frameworks-${CONFIGURATION}-input-files.xcfilelist",
			);
			name = "[CP] Embed Pods Frameworks";
			outputFileListPaths = (
				"${PODS_ROOT}/Target Support Files/Pods-iTindr-iTindrUITests/Pods-iTindr-iTindrUITests-frameworks-${CONFIGURATION}-output-files.xcfilelist",
			);
			runOnlyForDeploymentPostprocessing = 0;
			shellPath = /bin/sh;
			shellScript = "\"${PODS_ROOT}/Target Support Files/Pods-iTindr-iTindrUITests/Pods-iTindr-iTindrUITests-frameworks.sh\"\n";
			showEnvVarsInLog = 0;
		};
		D3E4813D9CD7745BE55FEB8C /* [CP] Embed Pods Frameworks */ = {
			isa = PBXShellScriptBuildPhase;
			buildActionMask = 2147483647;
			files = (
			);
			inputFileListPaths = (
				"${PODS_ROOT}/Target Support Files/Pods-iTindr/Pods-iTindr-frameworks-${CONFIGURATION}-input-files.xcfilelist",
			);
			name = "[CP] Embed Pods Frameworks";
			outputFileListPaths = (
				"${PODS_ROOT}/Target Support Files/Pods-iTindr/Pods-iTindr-frameworks-${CONFIGURATION}-output-files.xcfilelist",
			);
			runOnlyForDeploymentPostprocessing = 0;
			shellPath = /bin/sh;
			shellScript = "\"${PODS_ROOT}/Target Support Files/Pods-iTindr/Pods-iTindr-frameworks.sh\"\n";
			showEnvVarsInLog = 0;
		};
		E86F7071F65933C92A2B1ADD /* [CP] Check Pods Manifest.lock */ = {
			isa = PBXShellScriptBuildPhase;
			buildActionMask = 2147483647;
			files = (
			);
			inputFileListPaths = (
			);
			inputPaths = (
				"${PODS_PODFILE_DIR_PATH}/Podfile.lock",
				"${PODS_ROOT}/Manifest.lock",
			);
			name = "[CP] Check Pods Manifest.lock";
			outputFileListPaths = (
			);
			outputPaths = (
				"$(DERIVED_FILE_DIR)/Pods-iTindrTests-checkManifestLockResult.txt",
			);
			runOnlyForDeploymentPostprocessing = 0;
			shellPath = /bin/sh;
			shellScript = "diff \"${PODS_PODFILE_DIR_PATH}/Podfile.lock\" \"${PODS_ROOT}/Manifest.lock\" > /dev/null\nif [ $? != 0 ] ; then\n    # print error to STDERR\n    echo \"error: The sandbox is not in sync with the Podfile.lock. Run 'pod install' or update your CocoaPods installation.\" >&2\n    exit 1\nfi\n# This output is used by Xcode 'outputs' to avoid re-running this script phase.\necho \"SUCCESS\" > \"${SCRIPT_OUTPUT_FILE_0}\"\n";
			showEnvVarsInLog = 0;
		};
/* End PBXShellScriptBuildPhase section */

/* Begin PBXSourcesBuildPhase section */
		46A47A54281909CD001C0F09 /* Sources */ = {
			isa = PBXSourcesBuildPhase;
			buildActionMask = 2147483647;
			files = (
				46A47A60281909CD001C0F09 /* ViewController.swift in Sources */,
				46DB9544281AF1E500901CAA /* AuthUtils.swift in Sources */,
				46DB9540281AE8C700901CAA /* DecodeTypes.swift in Sources */,
				46A47A912819135C001C0F09 /* GradientView.swift in Sources */,
				460CB981281FB2320059FD49 /* PeopleViewController.swift in Sources */,
				46DB9542281AE8F600901CAA /* API.swift in Sources */,
				46E1F6E6281963D70062EDBB /* AppDelegate.swift in Sources */,
				46A47A5E281909CD001C0F09 /* SceneDelegate.swift in Sources */,
				460CB985281FB3190059FD49 /* UserCell.swift in Sources */,
				6EECE67906F8777C5B533846 /* UserActions.swift in Sources */,
				6EECEAD770444C627B9713E6 /* JSON.swift in Sources */,
				6EECED66E9DFB063F8195393 /* UserProfile.swift in Sources */,
				6EECE1B01B6FE8C9C72B47CA /* TopicList.swift in Sources */,
				6EECEFCD6CCE7F99936F1D74 /* Overlay.swift in Sources */,
				6EECED4C5634C44954AA5199 /* FlowList.swift in Sources */,
				6EECED417B10D4AE1EAD03F0 /* Store.swift in Sources */,
				461CB64F281F061300065020 /* CompositionalLayout.swift in Sources */,
				6EECEEFA76F887830D0BFD5E /* LoginViewController.swift in Sources */,
				6EECE8A26D5EDF53B4C4A17B /* RegisterViewController.swift in Sources */,
				6EECE3D52A3E9288A33C811C /* EditProfileViewController.swift in Sources */,
				461CB64D281EF84600065020 /* AboutUserViewController.swift in Sources */,
				6EECE6C17ADC96241696A066 /* FlowViewController.swift in Sources */,
				461CB651281F086100065020 /* TestVC.swift in Sources */,
				6EECEAF87796E15B34F452C1 /* ProfileViewController.swift in Sources */,
				6EECE4E54B5BECFDC56B785B /* UserProfileViewController.swift in Sources */,
			);
			runOnlyForDeploymentPostprocessing = 0;
		};
		46A47A6A281909CF001C0F09 /* Sources */ = {
			isa = PBXSourcesBuildPhase;
			buildActionMask = 2147483647;
			files = (
				46A47A73281909CF001C0F09 /* iTindrTests.swift in Sources */,
			);
			runOnlyForDeploymentPostprocessing = 0;
		};
		46A47A74281909CF001C0F09 /* Sources */ = {
			isa = PBXSourcesBuildPhase;
			buildActionMask = 2147483647;
			files = (
				46A47A7F281909CF001C0F09 /* iTindrUITestsLaunchTests.swift in Sources */,
				46A47A7D281909CF001C0F09 /* iTindrUITests.swift in Sources */,
			);
			runOnlyForDeploymentPostprocessing = 0;
		};
/* End PBXSourcesBuildPhase section */

/* Begin PBXTargetDependency section */
		46A47A70281909CF001C0F09 /* PBXTargetDependency */ = {
			isa = PBXTargetDependency;
			target = 46A47A57281909CD001C0F09 /* iTindr */;
			targetProxy = 46A47A6F281909CF001C0F09 /* PBXContainerItemProxy */;
		};
		46A47A7A281909CF001C0F09 /* PBXTargetDependency */ = {
			isa = PBXTargetDependency;
			target = 46A47A57281909CD001C0F09 /* iTindr */;
			targetProxy = 46A47A79281909CF001C0F09 /* PBXContainerItemProxy */;
		};
/* End PBXTargetDependency section */

/* Begin PBXVariantGroup section */
		46A47A66281909CE001C0F09 /* LaunchScreen.storyboard */ = {
			isa = PBXVariantGroup;
			children = (
				46A47A67281909CE001C0F09 /* Base */,
			);
			name = LaunchScreen.storyboard;
			sourceTree = "<group>";
		};
/* End PBXVariantGroup section */

/* Begin XCBuildConfiguration section */
		46A47A80281909CF001C0F09 /* Debug */ = {
			isa = XCBuildConfiguration;
			buildSettings = {
				ALWAYS_SEARCH_USER_PATHS = NO;
				CLANG_ANALYZER_NONNULL = YES;
				CLANG_ANALYZER_NUMBER_OBJECT_CONVERSION = YES_AGGRESSIVE;
				CLANG_CXX_LANGUAGE_STANDARD = "gnu++17";
				CLANG_CXX_LIBRARY = "libc++";
				CLANG_ENABLE_MODULES = YES;
				CLANG_ENABLE_OBJC_ARC = YES;
				CLANG_ENABLE_OBJC_WEAK = YES;
				CLANG_WARN_BLOCK_CAPTURE_AUTORELEASING = YES;
				CLANG_WARN_BOOL_CONVERSION = YES;
				CLANG_WARN_COMMA = YES;
				CLANG_WARN_CONSTANT_CONVERSION = YES;
				CLANG_WARN_DEPRECATED_OBJC_IMPLEMENTATIONS = YES;
				CLANG_WARN_DIRECT_OBJC_ISA_USAGE = YES_ERROR;
				CLANG_WARN_DOCUMENTATION_COMMENTS = YES;
				CLANG_WARN_EMPTY_BODY = YES;
				CLANG_WARN_ENUM_CONVERSION = YES;
				CLANG_WARN_INFINITE_RECURSION = YES;
				CLANG_WARN_INT_CONVERSION = YES;
				CLANG_WARN_NON_LITERAL_NULL_CONVERSION = YES;
				CLANG_WARN_OBJC_IMPLICIT_RETAIN_SELF = YES;
				CLANG_WARN_OBJC_LITERAL_CONVERSION = YES;
				CLANG_WARN_OBJC_ROOT_CLASS = YES_ERROR;
				CLANG_WARN_QUOTED_INCLUDE_IN_FRAMEWORK_HEADER = YES;
				CLANG_WARN_RANGE_LOOP_ANALYSIS = YES;
				CLANG_WARN_STRICT_PROTOTYPES = YES;
				CLANG_WARN_SUSPICIOUS_MOVE = YES;
				CLANG_WARN_UNGUARDED_AVAILABILITY = YES_AGGRESSIVE;
				CLANG_WARN_UNREACHABLE_CODE = YES;
				CLANG_WARN__DUPLICATE_METHOD_MATCH = YES;
				COPY_PHASE_STRIP = NO;
				DEBUG_INFORMATION_FORMAT = dwarf;
				ENABLE_STRICT_OBJC_MSGSEND = YES;
				ENABLE_TESTABILITY = YES;
				GCC_C_LANGUAGE_STANDARD = gnu11;
				GCC_DYNAMIC_NO_PIC = NO;
				GCC_NO_COMMON_BLOCKS = YES;
				GCC_OPTIMIZATION_LEVEL = 0;
				GCC_PREPROCESSOR_DEFINITIONS = (
					"DEBUG=1",
					"$(inherited)",
				);
				GCC_WARN_64_TO_32_BIT_CONVERSION = YES;
				GCC_WARN_ABOUT_RETURN_TYPE = YES_ERROR;
				GCC_WARN_UNDECLARED_SELECTOR = YES;
				GCC_WARN_UNINITIALIZED_AUTOS = YES_AGGRESSIVE;
				GCC_WARN_UNUSED_FUNCTION = YES;
				GCC_WARN_UNUSED_VARIABLE = YES;
				IPHONEOS_DEPLOYMENT_TARGET = 15.2;
				MTL_ENABLE_DEBUG_INFO = INCLUDE_SOURCE;
				MTL_FAST_MATH = YES;
				ONLY_ACTIVE_ARCH = YES;
				SDKROOT = iphoneos;
				SWIFT_ACTIVE_COMPILATION_CONDITIONS = DEBUG;
				SWIFT_OPTIMIZATION_LEVEL = "-Onone";
			};
			name = Debug;
		};
		46A47A81281909CF001C0F09 /* Release */ = {
			isa = XCBuildConfiguration;
			buildSettings = {
				ALWAYS_SEARCH_USER_PATHS = NO;
				CLANG_ANALYZER_NONNULL = YES;
				CLANG_ANALYZER_NUMBER_OBJECT_CONVERSION = YES_AGGRESSIVE;
				CLANG_CXX_LANGUAGE_STANDARD = "gnu++17";
				CLANG_CXX_LIBRARY = "libc++";
				CLANG_ENABLE_MODULES = YES;
				CLANG_ENABLE_OBJC_ARC = YES;
				CLANG_ENABLE_OBJC_WEAK = YES;
				CLANG_WARN_BLOCK_CAPTURE_AUTORELEASING = YES;
				CLANG_WARN_BOOL_CONVERSION = YES;
				CLANG_WARN_COMMA = YES;
				CLANG_WARN_CONSTANT_CONVERSION = YES;
				CLANG_WARN_DEPRECATED_OBJC_IMPLEMENTATIONS = YES;
				CLANG_WARN_DIRECT_OBJC_ISA_USAGE = YES_ERROR;
				CLANG_WARN_DOCUMENTATION_COMMENTS = YES;
				CLANG_WARN_EMPTY_BODY = YES;
				CLANG_WARN_ENUM_CONVERSION = YES;
				CLANG_WARN_INFINITE_RECURSION = YES;
				CLANG_WARN_INT_CONVERSION = YES;
				CLANG_WARN_NON_LITERAL_NULL_CONVERSION = YES;
				CLANG_WARN_OBJC_IMPLICIT_RETAIN_SELF = YES;
				CLANG_WARN_OBJC_LITERAL_CONVERSION = YES;
				CLANG_WARN_OBJC_ROOT_CLASS = YES_ERROR;
				CLANG_WARN_QUOTED_INCLUDE_IN_FRAMEWORK_HEADER = YES;
				CLANG_WARN_RANGE_LOOP_ANALYSIS = YES;
				CLANG_WARN_STRICT_PROTOTYPES = YES;
				CLANG_WARN_SUSPICIOUS_MOVE = YES;
				CLANG_WARN_UNGUARDED_AVAILABILITY = YES_AGGRESSIVE;
				CLANG_WARN_UNREACHABLE_CODE = YES;
				CLANG_WARN__DUPLICATE_METHOD_MATCH = YES;
				COPY_PHASE_STRIP = NO;
				DEBUG_INFORMATION_FORMAT = "dwarf-with-dsym";
				ENABLE_NS_ASSERTIONS = NO;
				ENABLE_STRICT_OBJC_MSGSEND = YES;
				GCC_C_LANGUAGE_STANDARD = gnu11;
				GCC_NO_COMMON_BLOCKS = YES;
				GCC_WARN_64_TO_32_BIT_CONVERSION = YES;
				GCC_WARN_ABOUT_RETURN_TYPE = YES_ERROR;
				GCC_WARN_UNDECLARED_SELECTOR = YES;
				GCC_WARN_UNINITIALIZED_AUTOS = YES_AGGRESSIVE;
				GCC_WARN_UNUSED_FUNCTION = YES;
				GCC_WARN_UNUSED_VARIABLE = YES;
				IPHONEOS_DEPLOYMENT_TARGET = 15.2;
				MTL_ENABLE_DEBUG_INFO = NO;
				MTL_FAST_MATH = YES;
				SDKROOT = iphoneos;
				SWIFT_COMPILATION_MODE = wholemodule;
				SWIFT_OPTIMIZATION_LEVEL = "-O";
				VALIDATE_PRODUCT = YES;
			};
			name = Release;
		};
		46A47A83281909CF001C0F09 /* Debug */ = {
			isa = XCBuildConfiguration;
			baseConfigurationReference = 83800CA4A9C4B68B1F1D7541 /* Pods-iTindr.debug.xcconfig */;
			buildSettings = {
				ASSETCATALOG_COMPILER_APPICON_NAME = AppIcon;
				ASSETCATALOG_COMPILER_GLOBAL_ACCENT_COLOR_NAME = AccentColor;
				CODE_SIGN_STYLE = Automatic;
				CURRENT_PROJECT_VERSION = 1;
				DEVELOPMENT_TEAM = B5FH5575Q3;
				GENERATE_INFOPLIST_FILE = YES;
				INFOPLIST_FILE = iTindr/Info.plist;
				INFOPLIST_KEY_UIApplicationSupportsIndirectInputEvents = YES;
				INFOPLIST_KEY_UILaunchStoryboardName = LaunchScreen;
				INFOPLIST_KEY_UIMainStoryboardFile = LoginStoryboard;
				INFOPLIST_KEY_UISupportedInterfaceOrientations = UIInterfaceOrientationPortrait;
				INFOPLIST_KEY_UISupportedInterfaceOrientations_iPad = "UIInterfaceOrientationPortrait UIInterfaceOrientationPortraitUpsideDown UIInterfaceOrientationLandscapeLeft UIInterfaceOrientationLandscapeRight";
				INFOPLIST_KEY_UISupportedInterfaceOrientations_iPhone = "UIInterfaceOrientationPortrait UIInterfaceOrientationLandscapeLeft UIInterfaceOrientationLandscapeRight";
				LD_RUNPATH_SEARCH_PATHS = (
					"$(inherited)",
					"@executable_path/Frameworks",
				);
				MARKETING_VERSION = 1.0;
				PRODUCT_BUNDLE_IDENTIFIER = LogMain.iTindr;
				PRODUCT_NAME = "$(TARGET_NAME)";
				SWIFT_EMIT_LOC_STRINGS = YES;
				SWIFT_VERSION = 5.0;
				TARGETED_DEVICE_FAMILY = "1,2";
			};
			name = Debug;
		};
		46A47A84281909CF001C0F09 /* Release */ = {
			isa = XCBuildConfiguration;
			baseConfigurationReference = 09FA11689644AE7C5A0F0741 /* Pods-iTindr.release.xcconfig */;
			buildSettings = {
				ASSETCATALOG_COMPILER_APPICON_NAME = AppIcon;
				ASSETCATALOG_COMPILER_GLOBAL_ACCENT_COLOR_NAME = AccentColor;
				CODE_SIGN_STYLE = Automatic;
				CURRENT_PROJECT_VERSION = 1;
				DEVELOPMENT_TEAM = B5FH5575Q3;
				GENERATE_INFOPLIST_FILE = YES;
				INFOPLIST_FILE = iTindr/Info.plist;
				INFOPLIST_KEY_UIApplicationSupportsIndirectInputEvents = YES;
				INFOPLIST_KEY_UILaunchStoryboardName = LaunchScreen;
				INFOPLIST_KEY_UIMainStoryboardFile = LoginStoryboard;
				INFOPLIST_KEY_UISupportedInterfaceOrientations = UIInterfaceOrientationPortrait;
				INFOPLIST_KEY_UISupportedInterfaceOrientations_iPad = "UIInterfaceOrientationPortrait UIInterfaceOrientationPortraitUpsideDown UIInterfaceOrientationLandscapeLeft UIInterfaceOrientationLandscapeRight";
				INFOPLIST_KEY_UISupportedInterfaceOrientations_iPhone = "UIInterfaceOrientationPortrait UIInterfaceOrientationLandscapeLeft UIInterfaceOrientationLandscapeRight";
				LD_RUNPATH_SEARCH_PATHS = (
					"$(inherited)",
					"@executable_path/Frameworks",
				);
				MARKETING_VERSION = 1.0;
				PRODUCT_BUNDLE_IDENTIFIER = LogMain.iTindr;
				PRODUCT_NAME = "$(TARGET_NAME)";
				SWIFT_EMIT_LOC_STRINGS = YES;
				SWIFT_VERSION = 5.0;
				TARGETED_DEVICE_FAMILY = "1,2";
			};
			name = Release;
		};
		46A47A86281909CF001C0F09 /* Debug */ = {
			isa = XCBuildConfiguration;
			baseConfigurationReference = 92A68A7969344E49FC5EECF7 /* Pods-iTindrTests.debug.xcconfig */;
			buildSettings = {
				ALWAYS_EMBED_SWIFT_STANDARD_LIBRARIES = YES;
				BUNDLE_LOADER = "$(TEST_HOST)";
				CODE_SIGN_STYLE = Automatic;
				CURRENT_PROJECT_VERSION = 1;
				DEVELOPMENT_TEAM = B5FH5575Q3;
				GENERATE_INFOPLIST_FILE = YES;
				IPHONEOS_DEPLOYMENT_TARGET = 15.2;
				MARKETING_VERSION = 1.0;
				PRODUCT_BUNDLE_IDENTIFIER = LogMain.iTindrTests;
				PRODUCT_NAME = "$(TARGET_NAME)";
				SWIFT_EMIT_LOC_STRINGS = NO;
				SWIFT_VERSION = 5.0;
				TARGETED_DEVICE_FAMILY = "1,2";
				TEST_HOST = "$(BUILT_PRODUCTS_DIR)/iTindr.app/iTindr";
			};
			name = Debug;
		};
		46A47A87281909CF001C0F09 /* Release */ = {
			isa = XCBuildConfiguration;
			baseConfigurationReference = 08E1CD91C2340C05FE46A27D /* Pods-iTindrTests.release.xcconfig */;
			buildSettings = {
				ALWAYS_EMBED_SWIFT_STANDARD_LIBRARIES = YES;
				BUNDLE_LOADER = "$(TEST_HOST)";
				CODE_SIGN_STYLE = Automatic;
				CURRENT_PROJECT_VERSION = 1;
				DEVELOPMENT_TEAM = B5FH5575Q3;
				GENERATE_INFOPLIST_FILE = YES;
				IPHONEOS_DEPLOYMENT_TARGET = 15.2;
				MARKETING_VERSION = 1.0;
				PRODUCT_BUNDLE_IDENTIFIER = LogMain.iTindrTests;
				PRODUCT_NAME = "$(TARGET_NAME)";
				SWIFT_EMIT_LOC_STRINGS = NO;
				SWIFT_VERSION = 5.0;
				TARGETED_DEVICE_FAMILY = "1,2";
				TEST_HOST = "$(BUILT_PRODUCTS_DIR)/iTindr.app/iTindr";
			};
			name = Release;
		};
		46A47A89281909CF001C0F09 /* Debug */ = {
			isa = XCBuildConfiguration;
			baseConfigurationReference = 479AA30DC11BA604408925F4 /* Pods-iTindr-iTindrUITests.debug.xcconfig */;
			buildSettings = {
				ALWAYS_EMBED_SWIFT_STANDARD_LIBRARIES = YES;
				CODE_SIGN_STYLE = Automatic;
				CURRENT_PROJECT_VERSION = 1;
				DEVELOPMENT_TEAM = B5FH5575Q3;
				GENERATE_INFOPLIST_FILE = YES;
				MARKETING_VERSION = 1.0;
				PRODUCT_BUNDLE_IDENTIFIER = LogMain.iTindrUITests;
				PRODUCT_NAME = "$(TARGET_NAME)";
				SWIFT_EMIT_LOC_STRINGS = NO;
				SWIFT_VERSION = 5.0;
				TARGETED_DEVICE_FAMILY = "1,2";
				TEST_TARGET_NAME = iTindr;
			};
			name = Debug;
		};
		46A47A8A281909CF001C0F09 /* Release */ = {
			isa = XCBuildConfiguration;
			baseConfigurationReference = 1B7E2F2465B32C188876903D /* Pods-iTindr-iTindrUITests.release.xcconfig */;
			buildSettings = {
				ALWAYS_EMBED_SWIFT_STANDARD_LIBRARIES = YES;
				CODE_SIGN_STYLE = Automatic;
				CURRENT_PROJECT_VERSION = 1;
				DEVELOPMENT_TEAM = B5FH5575Q3;
				GENERATE_INFOPLIST_FILE = YES;
				MARKETING_VERSION = 1.0;
				PRODUCT_BUNDLE_IDENTIFIER = LogMain.iTindrUITests;
				PRODUCT_NAME = "$(TARGET_NAME)";
				SWIFT_EMIT_LOC_STRINGS = NO;
				SWIFT_VERSION = 5.0;
				TARGETED_DEVICE_FAMILY = "1,2";
				TEST_TARGET_NAME = iTindr;
			};
			name = Release;
		};
/* End XCBuildConfiguration section */

/* Begin XCConfigurationList section */
		46A47A53281909CD001C0F09 /* Build configuration list for PBXProject "iTindr" */ = {
			isa = XCConfigurationList;
			buildConfigurations = (
				46A47A80281909CF001C0F09 /* Debug */,
				46A47A81281909CF001C0F09 /* Release */,
			);
			defaultConfigurationIsVisible = 0;
			defaultConfigurationName = Release;
		};
		46A47A82281909CF001C0F09 /* Build configuration list for PBXNativeTarget "iTindr" */ = {
			isa = XCConfigurationList;
			buildConfigurations = (
				46A47A83281909CF001C0F09 /* Debug */,
				46A47A84281909CF001C0F09 /* Release */,
			);
			defaultConfigurationIsVisible = 0;
			defaultConfigurationName = Release;
		};
		46A47A85281909CF001C0F09 /* Build configuration list for PBXNativeTarget "iTindrTests" */ = {
			isa = XCConfigurationList;
			buildConfigurations = (
				46A47A86281909CF001C0F09 /* Debug */,
				46A47A87281909CF001C0F09 /* Release */,
			);
			defaultConfigurationIsVisible = 0;
			defaultConfigurationName = Release;
		};
		46A47A88281909CF001C0F09 /* Build configuration list for PBXNativeTarget "iTindrUITests" */ = {
			isa = XCConfigurationList;
			buildConfigurations = (
				46A47A89281909CF001C0F09 /* Debug */,
				46A47A8A281909CF001C0F09 /* Release */,
			);
			defaultConfigurationIsVisible = 0;
			defaultConfigurationName = Release;
		};
/* End XCConfigurationList section */
	};
	rootObject = 46A47A50281909CD001C0F09 /* Project object */;
}
